// !$*UTF8*$!
{
	archiveVersion = 1;
	classes = {
	};
	objectVersion = 46;
	objects = {

/* Begin PBXBuildFile section */
		F816A7B91EC6DC09000DEDB3 /* UIViewExtension.swift in Sources */ = {isa = PBXBuildFile; fileRef = F816A7B81EC6DC09000DEDB3 /* UIViewExtension.swift */; };
		F816A7BB1EC6ED27000DEDB3 /* UIButtonExtension.swift in Sources */ = {isa = PBXBuildFile; fileRef = F816A7BA1EC6ED27000DEDB3 /* UIButtonExtension.swift */; };
		F82172BC1EC175FF004FED07 /* AppDelegate.swift in Sources */ = {isa = PBXBuildFile; fileRef = F82172BB1EC175FF004FED07 /* AppDelegate.swift */; };
		F82172BE1EC175FF004FED07 /* Assets.xcassets in Resources */ = {isa = PBXBuildFile; fileRef = F82172BD1EC175FF004FED07 /* Assets.xcassets */; };
		F82172C11EC175FF004FED07 /* LaunchScreen.storyboard in Resources */ = {isa = PBXBuildFile; fileRef = F82172BF1EC175FF004FED07 /* LaunchScreen.storyboard */; };
		F82172CC1EC175FF004FED07 /* JD_SwiftTests.swift in Sources */ = {isa = PBXBuildFile; fileRef = F82172CB1EC175FF004FED07 /* JD_SwiftTests.swift */; };
		F82172D71EC175FF004FED07 /* JD_SwiftUITests.swift in Sources */ = {isa = PBXBuildFile; fileRef = F82172D61EC175FF004FED07 /* JD_SwiftUITests.swift */; };
		F82173321EC17CAC004FED07 /* JDTabBarController.swift in Sources */ = {isa = PBXBuildFile; fileRef = F82173311EC17CAC004FED07 /* JDTabBarController.swift */; };
		F82173341EC17CFB004FED07 /* HomeViewController.swift in Sources */ = {isa = PBXBuildFile; fileRef = F82173331EC17CFB004FED07 /* HomeViewController.swift */; };
		F82173361EC17D0A004FED07 /* CategoryViewController.swift in Sources */ = {isa = PBXBuildFile; fileRef = F82173351EC17D0A004FED07 /* CategoryViewController.swift */; };
		F82173381EC17D1D004FED07 /* CartViewController.swift in Sources */ = {isa = PBXBuildFile; fileRef = F82173371EC17D1D004FED07 /* CartViewController.swift */; };
		F821733A1EC17D2C004FED07 /* MyViewController.swift in Sources */ = {isa = PBXBuildFile; fileRef = F82173391EC17D2C004FED07 /* MyViewController.swift */; };
		F821733C1EC17D92004FED07 /* BaseViewController.swift in Sources */ = {isa = PBXBuildFile; fileRef = F821733B1EC17D92004FED07 /* BaseViewController.swift */; };
		F821733F1EC1AAD8004FED07 /* MacroDefine.swift in Sources */ = {isa = PBXBuildFile; fileRef = F821733E1EC1AAD8004FED07 /* MacroDefine.swift */; };
		F86D1B091EC30E2B00B84304 /* SearchBarView.swift in Sources */ = {isa = PBXBuildFile; fileRef = F86D1B081EC30E2B00B84304 /* SearchBarView.swift */; };
		F8922BCB2285EAF5001FF157 /* UIImageExtension.swift in Sources */ = {isa = PBXBuildFile; fileRef = F8922BCA2285EAF5001FF157 /* UIImageExtension.swift */; };
		F8E570F51EC1F19E00F5E6F8 /* JDNavigationController.swift in Sources */ = {isa = PBXBuildFile; fileRef = F8E570F41EC1F19E00F5E6F8 /* JDNavigationController.swift */; };
		F8E5FFD71EEADAE1005BEA4F /* JHCellConfig.swift in Sources */ = {isa = PBXBuildFile; fileRef = F8E5FFD61EEADAE1005BEA4F /* JHCellConfig.swift */; };
/* End PBXBuildFile section */

/* Begin PBXContainerItemProxy section */
		F82172C81EC175FF004FED07 /* PBXContainerItemProxy */ = {
			isa = PBXContainerItemProxy;
			containerPortal = F82172B01EC175FF004FED07 /* Project object */;
			proxyType = 1;
			remoteGlobalIDString = F82172B71EC175FF004FED07;
			remoteInfo = "JD-Swift";
		};
		F82172D31EC175FF004FED07 /* PBXContainerItemProxy */ = {
			isa = PBXContainerItemProxy;
			containerPortal = F82172B01EC175FF004FED07 /* Project object */;
			proxyType = 1;
			remoteGlobalIDString = F82172B71EC175FF004FED07;
			remoteInfo = "JD-Swift";
		};
/* End PBXContainerItemProxy section */

/* Begin PBXFileReference section */
		F816A7B81EC6DC09000DEDB3 /* UIViewExtension.swift */ = {isa = PBXFileReference; fileEncoding = 4; lastKnownFileType = sourcecode.swift; path = UIViewExtension.swift; sourceTree = "<group>"; };
		F816A7BA1EC6ED27000DEDB3 /* UIButtonExtension.swift */ = {isa = PBXFileReference; fileEncoding = 4; lastKnownFileType = sourcecode.swift; path = UIButtonExtension.swift; sourceTree = "<group>"; };
		F82172B81EC175FF004FED07 /* JD-Swift.app */ = {isa = PBXFileReference; explicitFileType = wrapper.application; includeInIndex = 0; path = "JD-Swift.app"; sourceTree = BUILT_PRODUCTS_DIR; };
		F82172BB1EC175FF004FED07 /* AppDelegate.swift */ = {isa = PBXFileReference; lastKnownFileType = sourcecode.swift; path = AppDelegate.swift; sourceTree = "<group>"; };
		F82172BD1EC175FF004FED07 /* Assets.xcassets */ = {isa = PBXFileReference; lastKnownFileType = folder.assetcatalog; path = Assets.xcassets; sourceTree = "<group>"; };
		F82172C01EC175FF004FED07 /* Base */ = {isa = PBXFileReference; lastKnownFileType = file.storyboard; name = Base; path = Base.lproj/LaunchScreen.storyboard; sourceTree = "<group>"; };
		F82172C21EC175FF004FED07 /* Info.plist */ = {isa = PBXFileReference; lastKnownFileType = text.plist.xml; path = Info.plist; sourceTree = "<group>"; };
		F82172C71EC175FF004FED07 /* JD-SwiftTests.xctest */ = {isa = PBXFileReference; explicitFileType = wrapper.cfbundle; includeInIndex = 0; path = "JD-SwiftTests.xctest"; sourceTree = BUILT_PRODUCTS_DIR; };
		F82172CB1EC175FF004FED07 /* JD_SwiftTests.swift */ = {isa = PBXFileReference; lastKnownFileType = sourcecode.swift; path = JD_SwiftTests.swift; sourceTree = "<group>"; };
		F82172CD1EC175FF004FED07 /* Info.plist */ = {isa = PBXFileReference; lastKnownFileType = text.plist.xml; path = Info.plist; sourceTree = "<group>"; };
		F82172D21EC175FF004FED07 /* JD-SwiftUITests.xctest */ = {isa = PBXFileReference; explicitFileType = wrapper.cfbundle; includeInIndex = 0; path = "JD-SwiftUITests.xctest"; sourceTree = BUILT_PRODUCTS_DIR; };
		F82172D61EC175FF004FED07 /* JD_SwiftUITests.swift */ = {isa = PBXFileReference; lastKnownFileType = sourcecode.swift; path = JD_SwiftUITests.swift; sourceTree = "<group>"; };
		F82172D81EC175FF004FED07 /* Info.plist */ = {isa = PBXFileReference; lastKnownFileType = text.plist.xml; path = Info.plist; sourceTree = "<group>"; };
		F82173311EC17CAC004FED07 /* JDTabBarController.swift */ = {isa = PBXFileReference; fileEncoding = 4; lastKnownFileType = sourcecode.swift; path = JDTabBarController.swift; sourceTree = "<group>"; };
		F82173331EC17CFB004FED07 /* HomeViewController.swift */ = {isa = PBXFileReference; fileEncoding = 4; lastKnownFileType = sourcecode.swift; path = HomeViewController.swift; sourceTree = "<group>"; };
		F82173351EC17D0A004FED07 /* CategoryViewController.swift */ = {isa = PBXFileReference; fileEncoding = 4; lastKnownFileType = sourcecode.swift; path = CategoryViewController.swift; sourceTree = "<group>"; };
		F82173371EC17D1D004FED07 /* CartViewController.swift */ = {isa = PBXFileReference; fileEncoding = 4; lastKnownFileType = sourcecode.swift; path = CartViewController.swift; sourceTree = "<group>"; };
		F82173391EC17D2C004FED07 /* MyViewController.swift */ = {isa = PBXFileReference; fileEncoding = 4; lastKnownFileType = sourcecode.swift; path = MyViewController.swift; sourceTree = "<group>"; };
		F821733B1EC17D92004FED07 /* BaseViewController.swift */ = {isa = PBXFileReference; fileEncoding = 4; lastKnownFileType = sourcecode.swift; path = BaseViewController.swift; sourceTree = "<group>"; };
		F821733E1EC1AAD8004FED07 /* MacroDefine.swift */ = {isa = PBXFileReference; fileEncoding = 4; lastKnownFileType = sourcecode.swift; path = MacroDefine.swift; sourceTree = "<group>"; };
		F86D1B081EC30E2B00B84304 /* SearchBarView.swift */ = {isa = PBXFileReference; fileEncoding = 4; lastKnownFileType = sourcecode.swift; path = SearchBarView.swift; sourceTree = "<group>"; };
		F8922BCA2285EAF5001FF157 /* UIImageExtension.swift */ = {isa = PBXFileReference; fileEncoding = 4; lastKnownFileType = sourcecode.swift; path = UIImageExtension.swift; sourceTree = "<group>"; };
		F8E570F41EC1F19E00F5E6F8 /* JDNavigationController.swift */ = {isa = PBXFileReference; fileEncoding = 4; lastKnownFileType = sourcecode.swift; path = JDNavigationController.swift; sourceTree = "<group>"; };
		F8E5FFD61EEADAE1005BEA4F /* JHCellConfig.swift */ = {isa = PBXFileReference; fileEncoding = 4; lastKnownFileType = sourcecode.swift; path = JHCellConfig.swift; sourceTree = "<group>"; };
/* End PBXFileReference section */

/* Begin PBXFrameworksBuildPhase section */
		F82172B51EC175FF004FED07 /* Frameworks */ = {
			isa = PBXFrameworksBuildPhase;
			buildActionMask = 2147483647;
			files = (
			);
			runOnlyForDeploymentPostprocessing = 0;
		};
		F82172C41EC175FF004FED07 /* Frameworks */ = {
			isa = PBXFrameworksBuildPhase;
			buildActionMask = 2147483647;
			files = (
			);
			runOnlyForDeploymentPostprocessing = 0;
		};
		F82172CF1EC175FF004FED07 /* Frameworks */ = {
			isa = PBXFrameworksBuildPhase;
			buildActionMask = 2147483647;
			files = (
			);
			runOnlyForDeploymentPostprocessing = 0;
		};
/* End PBXFrameworksBuildPhase section */

/* Begin PBXGroup section */
		F82172AF1EC175FF004FED07 = {
			isa = PBXGroup;
			children = (
				F82172BA1EC175FF004FED07 /* JD-Swift */,
				F82172CA1EC175FF004FED07 /* JD-SwiftTests */,
				F82172D51EC175FF004FED07 /* JD-SwiftUITests */,
				F82172B91EC175FF004FED07 /* Products */,
			);
			sourceTree = "<group>";
		};
		F82172B91EC175FF004FED07 /* Products */ = {
			isa = PBXGroup;
			children = (
				F82172B81EC175FF004FED07 /* JD-Swift.app */,
				F82172C71EC175FF004FED07 /* JD-SwiftTests.xctest */,
				F82172D21EC175FF004FED07 /* JD-SwiftUITests.xctest */,
			);
			name = Products;
			sourceTree = "<group>";
		};
		F82172BA1EC175FF004FED07 /* JD-Swift */ = {
			isa = PBXGroup;
			children = (
				F82172E91EC17C55004FED07 /* Classes */,
				F82172BB1EC175FF004FED07 /* AppDelegate.swift */,
				F82172BD1EC175FF004FED07 /* Assets.xcassets */,
				F82172BF1EC175FF004FED07 /* LaunchScreen.storyboard */,
				F82172C21EC175FF004FED07 /* Info.plist */,
			);
			path = "JD-Swift";
			sourceTree = "<group>";
		};
		F82172CA1EC175FF004FED07 /* JD-SwiftTests */ = {
			isa = PBXGroup;
			children = (
				F82172CB1EC175FF004FED07 /* JD_SwiftTests.swift */,
				F82172CD1EC175FF004FED07 /* Info.plist */,
			);
			path = "JD-SwiftTests";
			sourceTree = "<group>";
		};
		F82172D51EC175FF004FED07 /* JD-SwiftUITests */ = {
			isa = PBXGroup;
			children = (
				F82172D61EC175FF004FED07 /* JD_SwiftUITests.swift */,
				F82172D81EC175FF004FED07 /* Info.plist */,
			);
			path = "JD-SwiftUITests";
			sourceTree = "<group>";
		};
		F82172E91EC17C55004FED07 /* Classes */ = {
			isa = PBXGroup;
			children = (
				F821732E1EC17C98004FED07 /* Main(主要) */,
				F82172EA1EC17C55004FED07 /* Category(分类) */,
				F82172EE1EC17C55004FED07 /* Category(扩展) */,
				F82173011EC17C55004FED07 /* DataBase(数据) */,
				F82173031EC17C55004FED07 /* Details(商品) */,
				F82173071EC17C55004FED07 /* Found(发现) */,
				F82173091EC17C55004FED07 /* GuideView(引导页) */,
				F821730B1EC17C55004FED07 /* Home(首页) */,
				F821730F1EC17C55004FED07 /* Me(我的) */,
				F821731C1EC17C55004FED07 /* Resource(资源) */,
				F82173201EC17C56004FED07 /* Shopping(购物车) */,
				F82173241EC17C56004FED07 /* Untils(自定义) */,
			);
			path = Classes;
			sourceTree = "<group>";
		};
		F82172EA1EC17C55004FED07 /* Category(分类) */ = {
			isa = PBXGroup;
			children = (
				F82172EB1EC17C55004FED07 /* Controller */,
				F82172EC1EC17C55004FED07 /* Model */,
				F82172ED1EC17C55004FED07 /* View */,
			);
			path = "Category(分类)";
			sourceTree = "<group>";
		};
		F82172EB1EC17C55004FED07 /* Controller */ = {
			isa = PBXGroup;
			children = (
				F82173351EC17D0A004FED07 /* CategoryViewController.swift */,
			);
			path = Controller;
			sourceTree = "<group>";
		};
		F82172EC1EC17C55004FED07 /* Model */ = {
			isa = PBXGroup;
			children = (
			);
			path = Model;
			sourceTree = "<group>";
		};
		F82172ED1EC17C55004FED07 /* View */ = {
			isa = PBXGroup;
			children = (
			);
			path = View;
			sourceTree = "<group>";
		};
		F82172EE1EC17C55004FED07 /* Category(扩展) */ = {
			isa = PBXGroup;
			children = (
				F82172EF1EC17C55004FED07 /* CoreCategory */,
			);
			path = "Category(扩展)";
			sourceTree = "<group>";
		};
		F82172EF1EC17C55004FED07 /* CoreCategory */ = {
			isa = PBXGroup;
			children = (
				F82172F01EC17C55004FED07 /* CALayer */,
				F82172F11EC17C55004FED07 /* CoreExtend */,
				F82172F31EC17C55004FED07 /* CorePageControl */,
				F82172F51EC17C55004FED07 /* NSArray */,
				F82172F61EC17C55004FED07 /* NSDate */,
				F82172F71EC17C55004FED07 /* NSObject */,
				F82172F81EC17C55004FED07 /* NSString */,
				F82172F91EC17C55004FED07 /* UIButton */,
				F82172FA1EC17C55004FED07 /* UIColor */,
				F82172FB1EC17C55004FED07 /* UIFont */,
				F82172FC1EC17C55004FED07 /* UIImage */,
				F82172FE1EC17C55004FED07 /* UITableViewCell */,
				F82172FF1EC17C55004FED07 /* UIView */,
				F82173001EC17C55004FED07 /* UIWindow */,
				F8922BCA2285EAF5001FF157 /* UIImageExtension.swift */,
				F816A7B81EC6DC09000DEDB3 /* UIViewExtension.swift */,
				F816A7BA1EC6ED27000DEDB3 /* UIButtonExtension.swift */,
			);
			path = CoreCategory;
			sourceTree = "<group>";
		};
		F82172F01EC17C55004FED07 /* CALayer */ = {
			isa = PBXGroup;
			children = (
			);
			path = CALayer;
			sourceTree = "<group>";
		};
		F82172F11EC17C55004FED07 /* CoreExtend */ = {
			isa = PBXGroup;
			children = (
				F82172F21EC17C55004FED07 /* CodeSnippets */,
			);
			path = CoreExtend;
			sourceTree = "<group>";
		};
		F82172F21EC17C55004FED07 /* CodeSnippets */ = {
			isa = PBXGroup;
			children = (
			);
			path = CodeSnippets;
			sourceTree = "<group>";
		};
		F82172F31EC17C55004FED07 /* CorePageControl */ = {
			isa = PBXGroup;
			children = (
				F82172F41EC17C55004FED07 /* Lib */,
			);
			path = CorePageControl;
			sourceTree = "<group>";
		};
		F82172F41EC17C55004FED07 /* Lib */ = {
			isa = PBXGroup;
			children = (
			);
			path = Lib;
			sourceTree = "<group>";
		};
		F82172F51EC17C55004FED07 /* NSArray */ = {
			isa = PBXGroup;
			children = (
			);
			path = NSArray;
			sourceTree = "<group>";
		};
		F82172F61EC17C55004FED07 /* NSDate */ = {
			isa = PBXGroup;
			children = (
			);
			path = NSDate;
			sourceTree = "<group>";
		};
		F82172F71EC17C55004FED07 /* NSObject */ = {
			isa = PBXGroup;
			children = (
			);
			path = NSObject;
			sourceTree = "<group>";
		};
		F82172F81EC17C55004FED07 /* NSString */ = {
			isa = PBXGroup;
			children = (
			);
			path = NSString;
			sourceTree = "<group>";
		};
		F82172F91EC17C55004FED07 /* UIButton */ = {
			isa = PBXGroup;
			children = (
			);
			path = UIButton;
			sourceTree = "<group>";
		};
		F82172FA1EC17C55004FED07 /* UIColor */ = {
			isa = PBXGroup;
			children = (
			);
			path = UIColor;
			sourceTree = "<group>";
		};
		F82172FB1EC17C55004FED07 /* UIFont */ = {
			isa = PBXGroup;
			children = (
			);
			path = UIFont;
			sourceTree = "<group>";
		};
		F82172FC1EC17C55004FED07 /* UIImage */ = {
			isa = PBXGroup;
			children = (
				F82172FD1EC17C55004FED07 /* UIImage+TintColor */,
			);
			path = UIImage;
			sourceTree = "<group>";
		};
		F82172FD1EC17C55004FED07 /* UIImage+TintColor */ = {
			isa = PBXGroup;
			children = (
			);
			path = "UIImage+TintColor";
			sourceTree = "<group>";
		};
		F82172FE1EC17C55004FED07 /* UITableViewCell */ = {
			isa = PBXGroup;
			children = (
			);
			path = UITableViewCell;
			sourceTree = "<group>";
		};
		F82172FF1EC17C55004FED07 /* UIView */ = {
			isa = PBXGroup;
			children = (
			);
			path = UIView;
			sourceTree = "<group>";
		};
		F82173001EC17C55004FED07 /* UIWindow */ = {
			isa = PBXGroup;
			children = (
			);
			path = UIWindow;
			sourceTree = "<group>";
		};
		F82173011EC17C55004FED07 /* DataBase(数据) */ = {
			isa = PBXGroup;
			children = (
				F82173021EC17C55004FED07 /* Base */,
			);
			path = "DataBase(数据)";
			sourceTree = "<group>";
		};
		F82173021EC17C55004FED07 /* Base */ = {
			isa = PBXGroup;
			children = (
			);
			path = Base;
			sourceTree = "<group>";
		};
		F82173031EC17C55004FED07 /* Details(商品) */ = {
			isa = PBXGroup;
			children = (
				F82173041EC17C55004FED07 /* Controller */,
				F82173051EC17C55004FED07 /* Model */,
				F82173061EC17C55004FED07 /* View */,
			);
			path = "Details(商品)";
			sourceTree = "<group>";
		};
		F82173041EC17C55004FED07 /* Controller */ = {
			isa = PBXGroup;
			children = (
			);
			path = Controller;
			sourceTree = "<group>";
		};
		F82173051EC17C55004FED07 /* Model */ = {
			isa = PBXGroup;
			children = (
			);
			path = Model;
			sourceTree = "<group>";
		};
		F82173061EC17C55004FED07 /* View */ = {
			isa = PBXGroup;
			children = (
			);
			path = View;
			sourceTree = "<group>";
		};
		F82173071EC17C55004FED07 /* Found(发现) */ = {
			isa = PBXGroup;
			children = (
				F82173081EC17C55004FED07 /* Controller */,
			);
			path = "Found(发现)";
			sourceTree = "<group>";
		};
		F82173081EC17C55004FED07 /* Controller */ = {
			isa = PBXGroup;
			children = (
			);
			path = Controller;
			sourceTree = "<group>";
		};
		F82173091EC17C55004FED07 /* GuideView(引导页) */ = {
			isa = PBXGroup;
			children = (
				F821730A1EC17C55004FED07 /* Controller */,
			);
			path = "GuideView(引导页)";
			sourceTree = "<group>";
		};
		F821730A1EC17C55004FED07 /* Controller */ = {
			isa = PBXGroup;
			children = (
			);
			path = Controller;
			sourceTree = "<group>";
		};
		F821730B1EC17C55004FED07 /* Home(首页) */ = {
			isa = PBXGroup;
			children = (
				F821730C1EC17C55004FED07 /* Controller */,
				F821730D1EC17C55004FED07 /* Model */,
				F821730E1EC17C55004FED07 /* View */,
			);
			path = "Home(首页)";
			sourceTree = "<group>";
		};
		F821730C1EC17C55004FED07 /* Controller */ = {
			isa = PBXGroup;
			children = (
				F82173331EC17CFB004FED07 /* HomeViewController.swift */,
			);
			path = Controller;
			sourceTree = "<group>";
		};
		F821730D1EC17C55004FED07 /* Model */ = {
			isa = PBXGroup;
			children = (
				F8E5FFD61EEADAE1005BEA4F /* JHCellConfig.swift */,
			);
			path = Model;
			sourceTree = "<group>";
		};
		F821730E1EC17C55004FED07 /* View */ = {
			isa = PBXGroup;
			children = (
			);
			path = View;
			sourceTree = "<group>";
		};
		F821730F1EC17C55004FED07 /* Me(我的) */ = {
			isa = PBXGroup;
			children = (
				F82173101EC17C55004FED07 /* Controller */,
				F82173171EC17C55004FED07 /* Model */,
				F82173181EC17C55004FED07 /* View */,
			);
			path = "Me(我的)";
			sourceTree = "<group>";
		};
		F82173101EC17C55004FED07 /* Controller */ = {
			isa = PBXGroup;
			children = (
				F82173111EC17C55004FED07 /* About(关于) */,
				F82173131EC17C55004FED07 /* MyAccount(我的账户) */,
				F82173151EC17C55004FED07 /* MyOrder(我的订单) */,
				F82173161EC17C55004FED07 /* Setting(设置) */,
				F82173391EC17D2C004FED07 /* MyViewController.swift */,
			);
			path = Controller;
			sourceTree = "<group>";
		};
		F82173111EC17C55004FED07 /* About(关于) */ = {
			isa = PBXGroup;
			children = (
				F82173121EC17C55004FED07 /* View */,
			);
			path = "About(关于)";
			sourceTree = "<group>";
		};
		F82173121EC17C55004FED07 /* View */ = {
			isa = PBXGroup;
			children = (
			);
			path = View;
			sourceTree = "<group>";
		};
		F82173131EC17C55004FED07 /* MyAccount(我的账户) */ = {
			isa = PBXGroup;
			children = (
				F82173141EC17C55004FED07 /* View */,
			);
			path = "MyAccount(我的账户)";
			sourceTree = "<group>";
		};
		F82173141EC17C55004FED07 /* View */ = {
			isa = PBXGroup;
			children = (
			);
			path = View;
			sourceTree = "<group>";
		};
		F82173151EC17C55004FED07 /* MyOrder(我的订单) */ = {
			isa = PBXGroup;
			children = (
			);
			path = "MyOrder(我的订单)";
			sourceTree = "<group>";
		};
		F82173161EC17C55004FED07 /* Setting(设置) */ = {
			isa = PBXGroup;
			children = (
			);
			path = "Setting(设置)";
			sourceTree = "<group>";
		};
		F82173171EC17C55004FED07 /* Model */ = {
			isa = PBXGroup;
			children = (
			);
			path = Model;
			sourceTree = "<group>";
		};
		F82173181EC17C55004FED07 /* View */ = {
			isa = PBXGroup;
			children = (
			);
			path = View;
			sourceTree = "<group>";
		};
		F821731C1EC17C55004FED07 /* Resource(资源) */ = {
			isa = PBXGroup;
			children = (
				F821731D1EC17C56004FED07 /* GuideImages */,
				F821731F1EC17C56004FED07 /* Plist */,
				F821733E1EC1AAD8004FED07 /* MacroDefine.swift */,
			);
			path = "Resource(资源)";
			sourceTree = "<group>";
		};
		F821731D1EC17C56004FED07 /* GuideImages */ = {
			isa = PBXGroup;
			children = (
				F821731E1EC17C56004FED07 /* gif */,
			);
			path = GuideImages;
			sourceTree = "<group>";
		};
		F821731E1EC17C56004FED07 /* gif */ = {
			isa = PBXGroup;
			children = (
			);
			path = gif;
			sourceTree = "<group>";
		};
		F821731F1EC17C56004FED07 /* Plist */ = {
			isa = PBXGroup;
			children = (
			);
			path = Plist;
			sourceTree = "<group>";
		};
		F82173201EC17C56004FED07 /* Shopping(购物车) */ = {
			isa = PBXGroup;
			children = (
				F82173211EC17C56004FED07 /* Controller */,
				F82173221EC17C56004FED07 /* Model */,
				F82173231EC17C56004FED07 /* View */,
			);
			path = "Shopping(购物车)";
			sourceTree = "<group>";
		};
		F82173211EC17C56004FED07 /* Controller */ = {
			isa = PBXGroup;
			children = (
				F82173371EC17D1D004FED07 /* CartViewController.swift */,
			);
			path = Controller;
			sourceTree = "<group>";
		};
		F82173221EC17C56004FED07 /* Model */ = {
			isa = PBXGroup;
			children = (
			);
			path = Model;
			sourceTree = "<group>";
		};
		F82173231EC17C56004FED07 /* View */ = {
			isa = PBXGroup;
			children = (
			);
			path = View;
			sourceTree = "<group>";
		};
		F82173241EC17C56004FED07 /* Untils(自定义) */ = {
			isa = PBXGroup;
			children = (
				F82173251EC17C56004FED07 /* PPiFlatSegmentedControl */,
				F82173291EC17C56004FED07 /* RefeshView */,
				F821732A1EC17C56004FED07 /* REFrostedViewController */,
				F821732B1EC17C56004FED07 /* SDCycleScrollView */,
				F821732D1EC17C56004FED07 /* TYAttributedLabel */,
			);
			path = "Untils(自定义)";
			sourceTree = "<group>";
		};
		F82173251EC17C56004FED07 /* PPiFlatSegmentedControl */ = {
			isa = PBXGroup;
			children = (
				F82173261EC17C56004FED07 /* PPiAwesomeButton */,
			);
			path = PPiFlatSegmentedControl;
			sourceTree = "<group>";
		};
		F82173261EC17C56004FED07 /* PPiAwesomeButton */ = {
			isa = PBXGroup;
			children = (
				F82173271EC17C56004FED07 /* FontAwesome */,
			);
			path = PPiAwesomeButton;
			sourceTree = "<group>";
		};
		F82173271EC17C56004FED07 /* FontAwesome */ = {
			isa = PBXGroup;
			children = (
				F82173281EC17C56004FED07 /* Resources */,
			);
			path = FontAwesome;
			sourceTree = "<group>";
		};
		F82173281EC17C56004FED07 /* Resources */ = {
			isa = PBXGroup;
			children = (
			);
			path = Resources;
			sourceTree = "<group>";
		};
		F82173291EC17C56004FED07 /* RefeshView */ = {
			isa = PBXGroup;
			children = (
			);
			path = RefeshView;
			sourceTree = "<group>";
		};
		F821732A1EC17C56004FED07 /* REFrostedViewController */ = {
			isa = PBXGroup;
			children = (
			);
			path = REFrostedViewController;
			sourceTree = "<group>";
		};
		F821732B1EC17C56004FED07 /* SDCycleScrollView */ = {
			isa = PBXGroup;
			children = (
				F821732C1EC17C56004FED07 /* PageControl */,
			);
			path = SDCycleScrollView;
			sourceTree = "<group>";
		};
		F821732C1EC17C56004FED07 /* PageControl */ = {
			isa = PBXGroup;
			children = (
			);
			path = PageControl;
			sourceTree = "<group>";
		};
		F821732D1EC17C56004FED07 /* TYAttributedLabel */ = {
			isa = PBXGroup;
			children = (
			);
			path = TYAttributedLabel;
			sourceTree = "<group>";
		};
		F821732E1EC17C98004FED07 /* Main(主要) */ = {
			isa = PBXGroup;
			children = (
				F821732F1EC17C98004FED07 /* Controller */,
				F82173301EC17C98004FED07 /* View */,
			);
			path = "Main(主要)";
			sourceTree = "<group>";
		};
		F821732F1EC17C98004FED07 /* Controller */ = {
			isa = PBXGroup;
			children = (
				F82173311EC17CAC004FED07 /* JDTabBarController.swift */,
				F8E570F41EC1F19E00F5E6F8 /* JDNavigationController.swift */,
				F821733B1EC17D92004FED07 /* BaseViewController.swift */,
			);
			path = Controller;
			sourceTree = "<group>";
		};
		F82173301EC17C98004FED07 /* View */ = {
			isa = PBXGroup;
			children = (
				F86D1B081EC30E2B00B84304 /* SearchBarView.swift */,
			);
			path = View;
			sourceTree = "<group>";
		};
/* End PBXGroup section */

/* Begin PBXNativeTarget section */
		F82172B71EC175FF004FED07 /* JD-Swift */ = {
			isa = PBXNativeTarget;
			buildConfigurationList = F82172DB1EC175FF004FED07 /* Build configuration list for PBXNativeTarget "JD-Swift" */;
			buildPhases = (
				F82172B41EC175FF004FED07 /* Sources */,
				F82172B51EC175FF004FED07 /* Frameworks */,
				F82172B61EC175FF004FED07 /* Resources */,
			);
			buildRules = (
			);
			dependencies = (
			);
			name = "JD-Swift";
			productName = "JD-Swift";
			productReference = F82172B81EC175FF004FED07 /* JD-Swift.app */;
			productType = "com.apple.product-type.application";
		};
		F82172C61EC175FF004FED07 /* JD-SwiftTests */ = {
			isa = PBXNativeTarget;
			buildConfigurationList = F82172DE1EC175FF004FED07 /* Build configuration list for PBXNativeTarget "JD-SwiftTests" */;
			buildPhases = (
				F82172C31EC175FF004FED07 /* Sources */,
				F82172C41EC175FF004FED07 /* Frameworks */,
				F82172C51EC175FF004FED07 /* Resources */,
			);
			buildRules = (
			);
			dependencies = (
				F82172C91EC175FF004FED07 /* PBXTargetDependency */,
			);
			name = "JD-SwiftTests";
			productName = "JD-SwiftTests";
			productReference = F82172C71EC175FF004FED07 /* JD-SwiftTests.xctest */;
			productType = "com.apple.product-type.bundle.unit-test";
		};
		F82172D11EC175FF004FED07 /* JD-SwiftUITests */ = {
			isa = PBXNativeTarget;
			buildConfigurationList = F82172E11EC175FF004FED07 /* Build configuration list for PBXNativeTarget "JD-SwiftUITests" */;
			buildPhases = (
				F82172CE1EC175FF004FED07 /* Sources */,
				F82172CF1EC175FF004FED07 /* Frameworks */,
				F82172D01EC175FF004FED07 /* Resources */,
			);
			buildRules = (
			);
			dependencies = (
				F82172D41EC175FF004FED07 /* PBXTargetDependency */,
			);
			name = "JD-SwiftUITests";
			productName = "JD-SwiftUITests";
			productReference = F82172D21EC175FF004FED07 /* JD-SwiftUITests.xctest */;
			productType = "com.apple.product-type.bundle.ui-testing";
		};
/* End PBXNativeTarget section */

/* Begin PBXProject section */
		F82172B01EC175FF004FED07 /* Project object */ = {
			isa = PBXProject;
			attributes = {
				LastSwiftUpdateCheck = 0820;
				LastUpgradeCheck = 0820;
				ORGANIZATIONNAME = zp;
				TargetAttributes = {
					F82172B71EC175FF004FED07 = {
						CreatedOnToolsVersion = 8.2.1;
						LastSwiftMigration = 0820;
						ProvisioningStyle = Automatic;
					};
					F82172C61EC175FF004FED07 = {
						CreatedOnToolsVersion = 8.2.1;
						ProvisioningStyle = Automatic;
						TestTargetID = F82172B71EC175FF004FED07;
					};
					F82172D11EC175FF004FED07 = {
						CreatedOnToolsVersion = 8.2.1;
						ProvisioningStyle = Automatic;
						TestTargetID = F82172B71EC175FF004FED07;
					};
				};
			};
			buildConfigurationList = F82172B31EC175FF004FED07 /* Build configuration list for PBXProject "JD-Swift" */;
			compatibilityVersion = "Xcode 3.2";
			developmentRegion = English;
			hasScannedForEncodings = 0;
			knownRegions = (
				en,
				Base,
			);
			mainGroup = F82172AF1EC175FF004FED07;
			productRefGroup = F82172B91EC175FF004FED07 /* Products */;
			projectDirPath = "";
			projectRoot = "";
			targets = (
				F82172B71EC175FF004FED07 /* JD-Swift */,
				F82172C61EC175FF004FED07 /* JD-SwiftTests */,
				F82172D11EC175FF004FED07 /* JD-SwiftUITests */,
			);
		};
/* End PBXProject section */

/* Begin PBXResourcesBuildPhase section */
		F82172B61EC175FF004FED07 /* Resources */ = {
			isa = PBXResourcesBuildPhase;
			buildActionMask = 2147483647;
			files = (
				F82172BE1EC175FF004FED07 /* Assets.xcassets in Resources */,
				F82172C11EC175FF004FED07 /* LaunchScreen.storyboard in Resources */,
			);
			runOnlyForDeploymentPostprocessing = 0;
		};
		F82172C51EC175FF004FED07 /* Resources */ = {
			isa = PBXResourcesBuildPhase;
			buildActionMask = 2147483647;
			files = (
			);
			runOnlyForDeploymentPostprocessing = 0;
		};
		F82172D01EC175FF004FED07 /* Resources */ = {
			isa = PBXResourcesBuildPhase;
			buildActionMask = 2147483647;
			files = (
			);
			runOnlyForDeploymentPostprocessing = 0;
		};
/* End PBXResourcesBuildPhase section */

/* Begin PBXSourcesBuildPhase section */
		F82172B41EC175FF004FED07 /* Sources */ = {
			isa = PBXSourcesBuildPhase;
			buildActionMask = 2147483647;
			files = (
				F86D1B091EC30E2B00B84304 /* SearchBarView.swift in Sources */,
				F82173361EC17D0A004FED07 /* CategoryViewController.swift in Sources */,
				F821733F1EC1AAD8004FED07 /* MacroDefine.swift in Sources */,
				F82172BC1EC175FF004FED07 /* AppDelegate.swift in Sources */,
				F82173381EC17D1D004FED07 /* CartViewController.swift in Sources */,
				F8E570F51EC1F19E00F5E6F8 /* JDNavigationController.swift in Sources */,
				F816A7B91EC6DC09000DEDB3 /* UIViewExtension.swift in Sources */,
				F82173321EC17CAC004FED07 /* JDTabBarController.swift in Sources */,
				F816A7BB1EC6ED27000DEDB3 /* UIButtonExtension.swift in Sources */,
				F821733A1EC17D2C004FED07 /* MyViewController.swift in Sources */,
				F821733C1EC17D92004FED07 /* BaseViewController.swift in Sources */,
				F8E5FFD71EEADAE1005BEA4F /* JHCellConfig.swift in Sources */,
				F8922BCB2285EAF5001FF157 /* UIImageExtension.swift in Sources */,
				F82173341EC17CFB004FED07 /* HomeViewController.swift in Sources */,
			);
			runOnlyForDeploymentPostprocessing = 0;
		};
		F82172C31EC175FF004FED07 /* Sources */ = {
			isa = PBXSourcesBuildPhase;
			buildActionMask = 2147483647;
			files = (
				F82172CC1EC175FF004FED07 /* JD_SwiftTests.swift in Sources */,
			);
			runOnlyForDeploymentPostprocessing = 0;
		};
		F82172CE1EC175FF004FED07 /* Sources */ = {
			isa = PBXSourcesBuildPhase;
			buildActionMask = 2147483647;
			files = (
				F82172D71EC175FF004FED07 /* JD_SwiftUITests.swift in Sources */,
			);
			runOnlyForDeploymentPostprocessing = 0;
		};
/* End PBXSourcesBuildPhase section */

/* Begin PBXTargetDependency section */
		F82172C91EC175FF004FED07 /* PBXTargetDependency */ = {
			isa = PBXTargetDependency;
			target = F82172B71EC175FF004FED07 /* JD-Swift */;
			targetProxy = F82172C81EC175FF004FED07 /* PBXContainerItemProxy */;
		};
		F82172D41EC175FF004FED07 /* PBXTargetDependency */ = {
			isa = PBXTargetDependency;
			target = F82172B71EC175FF004FED07 /* JD-Swift */;
			targetProxy = F82172D31EC175FF004FED07 /* PBXContainerItemProxy */;
		};
/* End PBXTargetDependency section */

/* Begin PBXVariantGroup section */
		F82172BF1EC175FF004FED07 /* LaunchScreen.storyboard */ = {
			isa = PBXVariantGroup;
			children = (
				F82172C01EC175FF004FED07 /* Base */,
			);
			name = LaunchScreen.storyboard;
			sourceTree = "<group>";
		};
/* End PBXVariantGroup section */

/* Begin XCBuildConfiguration section */
		F82172D91EC175FF004FED07 /* Debug */ = {
			isa = XCBuildConfiguration;
			buildSettings = {
				ALWAYS_SEARCH_USER_PATHS = NO;
				CLANG_ANALYZER_NONNULL = YES;
				CLANG_CXX_LANGUAGE_STANDARD = "gnu++0x";
				CLANG_CXX_LIBRARY = "libc++";
				CLANG_ENABLE_MODULES = YES;
				CLANG_ENABLE_OBJC_ARC = YES;
				CLANG_WARN_BOOL_CONVERSION = YES;
				CLANG_WARN_CONSTANT_CONVERSION = YES;
				CLANG_WARN_DIRECT_OBJC_ISA_USAGE = YES_ERROR;
				CLANG_WARN_DOCUMENTATION_COMMENTS = YES;
				CLANG_WARN_EMPTY_BODY = YES;
				CLANG_WARN_ENUM_CONVERSION = YES;
				CLANG_WARN_INFINITE_RECURSION = YES;
				CLANG_WARN_INT_CONVERSION = YES;
				CLANG_WARN_OBJC_ROOT_CLASS = YES_ERROR;
				CLANG_WARN_SUSPICIOUS_MOVE = YES;
				CLANG_WARN_UNREACHABLE_CODE = YES;
				CLANG_WARN__DUPLICATE_METHOD_MATCH = YES;
				"CODE_SIGN_IDENTITY[sdk=iphoneos*]" = "iPhone Developer";
				COPY_PHASE_STRIP = NO;
				DEBUG_INFORMATION_FORMAT = dwarf;
				ENABLE_STRICT_OBJC_MSGSEND = YES;
				ENABLE_TESTABILITY = YES;
				GCC_C_LANGUAGE_STANDARD = gnu99;
				GCC_DYNAMIC_NO_PIC = NO;
				GCC_NO_COMMON_BLOCKS = YES;
				GCC_OPTIMIZATION_LEVEL = 0;
				GCC_PREPROCESSOR_DEFINITIONS = (
					"DEBUG=1",
					"$(inherited)",
				);
				GCC_WARN_64_TO_32_BIT_CONVERSION = YES;
				GCC_WARN_ABOUT_RETURN_TYPE = YES_ERROR;
				GCC_WARN_UNDECLARED_SELECTOR = YES;
				GCC_WARN_UNINITIALIZED_AUTOS = YES_AGGRESSIVE;
				GCC_WARN_UNUSED_FUNCTION = YES;
				GCC_WARN_UNUSED_VARIABLE = YES;
				IPHONEOS_DEPLOYMENT_TARGET = 10.2;
				MTL_ENABLE_DEBUG_INFO = YES;
				ONLY_ACTIVE_ARCH = YES;
				SDKROOT = iphoneos;
				SWIFT_ACTIVE_COMPILATION_CONDITIONS = DEBUG;
				SWIFT_OPTIMIZATION_LEVEL = "-Onone";
			};
			name = Debug;
		};
		F82172DA1EC175FF004FED07 /* Release */ = {
			isa = XCBuildConfiguration;
			buildSettings = {
				ALWAYS_SEARCH_USER_PATHS = NO;
				CLANG_ANALYZER_NONNULL = YES;
				CLANG_CXX_LANGUAGE_STANDARD = "gnu++0x";
				CLANG_CXX_LIBRARY = "libc++";
				CLANG_ENABLE_MODULES = YES;
				CLANG_ENABLE_OBJC_ARC = YES;
				CLANG_WARN_BOOL_CONVERSION = YES;
				CLANG_WARN_CONSTANT_CONVERSION = YES;
				CLANG_WARN_DIRECT_OBJC_ISA_USAGE = YES_ERROR;
				CLANG_WARN_DOCUMENTATION_COMMENTS = YES;
				CLANG_WARN_EMPTY_BODY = YES;
				CLANG_WARN_ENUM_CONVERSION = YES;
				CLANG_WARN_INFINITE_RECURSION = YES;
				CLANG_WARN_INT_CONVERSION = YES;
				CLANG_WARN_OBJC_ROOT_CLASS = YES_ERROR;
				CLANG_WARN_SUSPICIOUS_MOVE = YES;
				CLANG_WARN_UNREACHABLE_CODE = YES;
				CLANG_WARN__DUPLICATE_METHOD_MATCH = YES;
				"CODE_SIGN_IDENTITY[sdk=iphoneos*]" = "iPhone Developer";
				COPY_PHASE_STRIP = NO;
				DEBUG_INFORMATION_FORMAT = "dwarf-with-dsym";
				ENABLE_NS_ASSERTIONS = NO;
				ENABLE_STRICT_OBJC_MSGSEND = YES;
				GCC_C_LANGUAGE_STANDARD = gnu99;
				GCC_NO_COMMON_BLOCKS = YES;
				GCC_WARN_64_TO_32_BIT_CONVERSION = YES;
				GCC_WARN_ABOUT_RETURN_TYPE = YES_ERROR;
				GCC_WARN_UNDECLARED_SELECTOR = YES;
				GCC_WARN_UNINITIALIZED_AUTOS = YES_AGGRESSIVE;
				GCC_WARN_UNUSED_FUNCTION = YES;
				GCC_WARN_UNUSED_VARIABLE = YES;
				IPHONEOS_DEPLOYMENT_TARGET = 10.2;
				MTL_ENABLE_DEBUG_INFO = NO;
				SDKROOT = iphoneos;
				SWIFT_OPTIMIZATION_LEVEL = "-Owholemodule";
				VALIDATE_PRODUCT = YES;
			};
			name = Release;
		};
		F82172DC1EC175FF004FED07 /* Debug */ = {
			isa = XCBuildConfiguration;
			buildSettings = {
				ASSETCATALOG_COMPILER_APPICON_NAME = AppIcon;
				CLANG_ENABLE_MODULES = YES;
				INFOPLIST_FILE = "JD-Swift/Info.plist";
				LD_RUNPATH_SEARCH_PATHS = "$(inherited) @executable_path/Frameworks";
				PRODUCT_BUNDLE_IDENTIFIER = "zp.JD-Swift";
				PRODUCT_NAME = "$(TARGET_NAME)";
				SWIFT_OBJC_BRIDGING_HEADER = "";
				SWIFT_OPTIMIZATION_LEVEL = "-Onone";
				SWIFT_VERSION = 3.0;
			};
			name = Debug;
		};
		F82172DD1EC175FF004FED07 /* Release */ = {
			isa = XCBuildConfiguration;
			buildSettings = {
				ASSETCATALOG_COMPILER_APPICON_NAME = AppIcon;
				CLANG_ENABLE_MODULES = YES;
				INFOPLIST_FILE = "JD-Swift/Info.plist";
				LD_RUNPATH_SEARCH_PATHS = "$(inherited) @executable_path/Frameworks";
				PRODUCT_BUNDLE_IDENTIFIER = "zp.JD-Swift";
				PRODUCT_NAME = "$(TARGET_NAME)";
				SWIFT_OBJC_BRIDGING_HEADER = "";
				SWIFT_VERSION = 3.0;
			};
			name = Release;
		};
		F82172DF1EC175FF004FED07 /* Debug */ = {
			isa = XCBuildConfiguration;
			buildSettings = {
				ALWAYS_EMBED_SWIFT_STANDARD_LIBRARIES = YES;
				BUNDLE_LOADER = "$(TEST_HOST)";
				INFOPLIST_FILE = "JD-SwiftTests/Info.plist";
				LD_RUNPATH_SEARCH_PATHS = "$(inherited) @executable_path/Frameworks @loader_path/Frameworks";
				PRODUCT_BUNDLE_IDENTIFIER = "zp.JD-SwiftTests";
				PRODUCT_NAME = "$(TARGET_NAME)";
				SWIFT_VERSION = 3.0;
				TEST_HOST = "$(BUILT_PRODUCTS_DIR)/JD-Swift.app/JD-Swift";
			};
			name = Debug;
		};
		F82172E01EC175FF004FED07 /* Release */ = {
			isa = XCBuildConfiguration;
			buildSettings = {
				ALWAYS_EMBED_SWIFT_STANDARD_LIBRARIES = YES;
				BUNDLE_LOADER = "$(TEST_HOST)";
				INFOPLIST_FILE = "JD-SwiftTests/Info.plist";
				LD_RUNPATH_SEARCH_PATHS = "$(inherited) @executable_path/Frameworks @loader_path/Frameworks";
				PRODUCT_BUNDLE_IDENTIFIER = "zp.JD-SwiftTests";
				PRODUCT_NAME = "$(TARGET_NAME)";
				SWIFT_VERSION = 3.0;
				TEST_HOST = "$(BUILT_PRODUCTS_DIR)/JD-Swift.app/JD-Swift";
			};
			name = Release;
		};
		F82172E21EC175FF004FED07 /* Debug */ = {
			isa = XCBuildConfiguration;
			buildSettings = {
				ALWAYS_EMBED_SWIFT_STANDARD_LIBRARIES = YES;
				INFOPLIST_FILE = "JD-SwiftUITests/Info.plist";
				LD_RUNPATH_SEARCH_PATHS = "$(inherited) @executable_path/Frameworks @loader_path/Frameworks";
				PRODUCT_BUNDLE_IDENTIFIER = "zp.JD-SwiftUITests";
				PRODUCT_NAME = "$(TARGET_NAME)";
				SWIFT_VERSION = 3.0;
				TEST_TARGET_NAME = "JD-Swift";
			};
			name = Debug;
		};
		F82172E31EC175FF004FED07 /* Release */ = {
			isa = XCBuildConfiguration;
			buildSettings = {
				ALWAYS_EMBED_SWIFT_STANDARD_LIBRARIES = YES;
				INFOPLIST_FILE = "JD-SwiftUITests/Info.plist";
				LD_RUNPATH_SEARCH_PATHS = "$(inherited) @executable_path/Frameworks @loader_path/Frameworks";
				PRODUCT_BUNDLE_IDENTIFIER = "zp.JD-SwiftUITests";
				PRODUCT_NAME = "$(TARGET_NAME)";
				SWIFT_VERSION = 3.0;
				TEST_TARGET_NAME = "JD-Swift";
			};
			name = Release;
		};
/* End XCBuildConfiguration section */

/* Begin XCConfigurationList section */
		F82172B31EC175FF004FED07 /* Build configuration list for PBXProject "JD-Swift" */ = {
			isa = XCConfigurationList;
			buildConfigurations = (
				F82172D91EC175FF004FED07 /* Debug */,
				F82172DA1EC175FF004FED07 /* Release */,
			);
			defaultConfigurationIsVisible = 0;
			defaultConfigurationName = Release;
		};
		F82172DB1EC175FF004FED07 /* Build configuration list for PBXNativeTarget "JD-Swift" */ = {
			isa = XCConfigurationList;
			buildConfigurations = (
				F82172DC1EC175FF004FED07 /* Debug */,
				F82172DD1EC175FF004FED07 /* Release */,
			);
			defaultConfigurationIsVisible = 0;
			defaultConfigurationName = Release;
		};
		F82172DE1EC175FF004FED07 /* Build configuration list for PBXNativeTarget "JD-SwiftTests" */ = {
			isa = XCConfigurationList;
			buildConfigurations = (
				F82172DF1EC175FF004FED07 /* Debug */,
				F82172E01EC175FF004FED07 /* Release */,
			);
			defaultConfigurationIsVisible = 0;
			defaultConfigurationName = Release;
		};
		F82172E11EC175FF004FED07 /* Build configuration list for PBXNativeTarget "JD-SwiftUITests" */ = {
			isa = XCConfigurationList;
			buildConfigurations = (
				F82172E21EC175FF004FED07 /* Debug */,
				F82172E31EC175FF004FED07 /* Release */,
			);
			defaultConfigurationIsVisible = 0;
			defaultConfigurationName = Release;
		};
/* End XCConfigurationList section */
	};
	rootObject = F82172B01EC175FF004FED07 /* Project object */;
}
